
Microsoft Visual Studio Solution File, Format Version 12.00
# Visual Studio Version 17
VisualStudioVersion = 17.8.34330.188
MinimumVisualStudioVersion = 10.0.40219.1
Project("{FAE04EC0-301F-11D3-BF4B-00C04F79EFBC}") = "Lab1", "Lab1\Lab1.csproj", "{A99754A3-3B20-48EE-B17A-9FE6C491DA0B}"
EndProject
Global
	GlobalSection(SolutionConfigurationPlatforms) = preSolution
		Debug|Any CPU = Debug|Any CPU
		Release|Any CPU = Release|Any CPU
	EndGlobalSection
	GlobalSection(ProjectConfigurationPlatforms) = postSolution
		{A99754A3-3B20-48EE-B17A-9FE6C491DA0B}.Debug|Any CPU.ActiveCfg = Debug|Any CPU
		{A99754A3-3B20-48EE-B17A-9FE6C491DA0B}.Debug|Any CPU.Build.0 = Debug|Any CPU
		{A99754A3-3B20-48EE-B17A-9FE6C491DA0B}.Release|Any CPU.ActiveCfg = Release|Any CPU
		{A99754A3-3B20-48EE-B17A-9FE6C491DA0B}.Release|Any CPU.Build.0 = Release|Any CPU
	EndGlobalSection
	GlobalSection(SolutionProperties) = preSolution
		HideSolutionNode = FALSE
	EndGlobalSection
	GlobalSection(ExtensibilityGlobals) = postSolution
		SolutionGuid = {737A4D89-6AA5-459E-B2B6-BCEE4A3F8BBA}
	EndGlobalSection
EndGlobal
